{
  "requires": true,
  "lockfileVersion": 1,
  "dependencies": {
    "fs": {
      "version": "0.0.1-security",
      "resolved": "https://registry.npmjs.org/fs/-/fs-0.0.1-security.tgz",
      "integrity": "sha1-invTcYa23d84E/I4WLV+yq9eQdQ="
    },
    "obfuscator-email": {
      "version": "1.0.3",
      "resolved": "https://registry.npmjs.org/obfuscator-email/-/obfuscator-email-1.0.3.tgz",
      "integrity": "sha512-UdI1wGbhrdFTI9fRMjpbU2+lVMmf3WFtsEaSSJCwv8rVJrUUF1j/Ar7T0Xdbu1Ezx93HkG91ZIt9vMGB+46Irg=="
    }
  }
}
